# THIS IS AN AUTOGENERATED FILE. DO NOT EDIT THIS FILE DIRECTLY.
# yarn lockfile v1


bupper@*:
  version "2.0.0"
  resolved "https://registry.yarnpkg.com/bupper/-/bupper-2.0.0.tgz#355808dc3e8e871d42eabf13c365ecd15a30eb79"
  integrity sha512-+qAnqze4wSAiTixXS+AMTC8axJ9o6nQNfPsRhpCxSRYUpYHdbcf5DC2xhz4eWuKrjTS9Z7j4mageXwf5Y0hfvQ==

dever@*:
  version "2.0.0"
  resolved "https://registry.yarnpkg.com/dever/-/dever-2.0.0.tgz#e5b3224a61590dc2660bc965e0016a72c47e9074"
  integrity sha512-E2GrxkvHoJBvgFsA+zVchafgzyp62+tVkUXyJXossUJ7E/hYKYZAyD1Ro9DJ04Zz+MasBZAMSYatW3EyZm/DRw==

eventy@*:
  version "2.0.0"
  resolved "https://registry.yarnpkg.com/eventy/-/eventy-2.0.0.tgz#c1d343b24a87a364103be31661736d317cced0f5"
  integrity sha512-byigd0yQhpzWzM8fJnTlNGGACiT3uMBSzO5XawrDRTpQts+oe7d5/KXZF9lu99itS9L+LCaZkx2sar2olN0tDg==
  dependencies:
    dever "*"

node-http@^0.0.5:
  version "0.0.5"
  resolved "https://registry.yarnpkg.com/node-http/-/node-http-0.0.5.tgz#5f506cfab89422f59eeedcb68e8b49aa2e8a52a1"
  integrity sha512-wmt/GCOR502I6iGUx4utpQytTUfSag+WsEFpnVfCqdx2p/iVCV8RJqshvuUHUWxSjR8USx1poJ+hdQAaDzYC5w==
  dependencies:
    bupper "*"
    eventy "*"
    reges "*"

pusher-js@^8.4.0-rc2:
  version "8.4.0-rc2"
  resolved "https://registry.yarnpkg.com/pusher-js/-/pusher-js-8.4.0-rc2.tgz#44f33bfe5bc89f741d82601125d6095bde28261b"
  integrity sha512-d87GjOEEl9QgO5BWmViSqW0LOzPvybvX6WA9zLUstNdB57jVJuR27zHkRnrav2a3+zAMlHbP2Og8wug+rG8T+g==
  dependencies:
    tweetnacl "^1.0.3"

reges@*:
  version "0.0.3"
  resolved "https://registry.yarnpkg.com/reges/-/reges-0.0.3.tgz#50e7f6411a446c3b42108e54d30bc5497d3decc7"
  integrity sha512-RksZndc8dLg6iejwGgGDs+ukwCqnT5JP4xGkIHjMQfVJ3e7hiuiMLybWt3uGDC2dDHnsvqW6NNTGJWLQ7PTQZw==

tweetnacl@^1.0.3:
  version "1.0.3"
  resolved "https://registry.yarnpkg.com/tweetnacl/-/tweetnacl-1.0.3.tgz#ac0af71680458d8a6378d0d0d050ab1407d35596"
  integrity sha512-6rt+RN7aOi1nGMyC4Xa5DdYiukl2UWCbcJft7YhxReBGQD7OAM8Pbxw6YMo4r2diNEA8FEmu32YOn9rhaiE5yw==
